
Microsoft Visual Studio Solution File, Format Version 12.00
# Visual Studio Version 16
VisualStudioVersion = 16.0.29911.84
MinimumVisualStudioVersion = 10.0.40219.1
Project("{FAE04EC0-301F-11D3-BF4B-00C04F79EFBC}") = "AE_ClusterCrack", "AE_ClusterCrack\AE_ClusterCrack.csproj", "{5D856889-208F-40AD-8999-05676ACCA80C}"
EndProject
Project("{FAE04EC0-301F-11D3-BF4B-00C04F79EFBC}") = "AE_ClusterCrackLib", "AE_ClusterCrackLib\AE_ClusterCrackLib.csproj", "{B86604F5-0CEE-45E0-9CCF-DC3824E62589}"
EndProject
Global
	GlobalSection(SolutionConfigurationPlatforms) = preSolution
		Debug|Any CPU = Debug|Any CPU
		Release|Any CPU = Release|Any CPU
	EndGlobalSection
	GlobalSection(ProjectConfigurationPlatforms) = postSolution
		{5D856889-208F-40AD-8999-05676ACCA80C}.Debug|Any CPU.ActiveCfg = Debug|Any CPU
		{5D856889-208F-40AD-8999-05676ACCA80C}.Debug|Any CPU.Build.0 = Debug|Any CPU
		{5D856889-208F-40AD-8999-05676ACCA80C}.Release|Any CPU.ActiveCfg = Release|Any CPU
		{5D856889-208F-40AD-8999-05676ACCA80C}.Release|Any CPU.Build.0 = Release|Any CPU
		{B86604F5-0CEE-45E0-9CCF-DC3824E62589}.Debug|Any CPU.ActiveCfg = Debug|Any CPU
		{B86604F5-0CEE-45E0-9CCF-DC3824E62589}.Debug|Any CPU.Build.0 = Debug|Any CPU
		{B86604F5-0CEE-45E0-9CCF-DC3824E62589}.Release|Any CPU.ActiveCfg = Release|Any CPU
		{B86604F5-0CEE-45E0-9CCF-DC3824E62589}.Release|Any CPU.Build.0 = Release|Any CPU
	EndGlobalSection
	GlobalSection(SolutionProperties) = preSolution
		HideSolutionNode = FALSE
	EndGlobalSection
	GlobalSection(ExtensibilityGlobals) = postSolution
		SolutionGuid = {949CB5D7-C02F-477E-8012-010313B8D55D}
	EndGlobalSection
EndGlobal
